
Microsoft Visual Studio Solution File, Format Version 12.00
# Visual Studio 15
VisualStudioVersion = 15.0.26730.12
MinimumVisualStudioVersion = 10.0.40219.1
Project("{9A19103F-16F7-4668-BE54-9A1E7A4F7556}") = "FactoryPattern", "FactoryPattern\FactoryPattern.csproj", "{3700E9D0-8F8C-459E-8019-9D4E397CF437}"
EndProject
Project("{9A19103F-16F7-4668-BE54-9A1E7A4F7556}") = "Show", "Show\Show.csproj", "{97C3CB29-800F-4734-A3D4-51DE6BFB9D61}"
EndProject
Project("{9A19103F-16F7-4668-BE54-9A1E7A4F7556}") = "AbstractFactoryPattern", "AbstractFactoryPattem\AbstractFactoryPattern.csproj", "{ED6A90E6-670B-4383-BF97-1BE18AB6F384}"
EndProject
Project("{FAE04EC0-301F-11D3-BF4B-00C04F79EFBC}") = "ObserverPattern", "ObserverPattern\ObserverPattern.csproj", "{9F3C0611-3D4F-4F37-B350-42E508D0BCE7}"
EndProject
Global
	GlobalSection(SolutionConfigurationPlatforms) = preSolution
		Debug|Any CPU = Debug|Any CPU
		Release|Any CPU = Release|Any CPU
	EndGlobalSection
	GlobalSection(ProjectConfigurationPlatforms) = postSolution
		{3700E9D0-8F8C-459E-8019-9D4E397CF437}.Debug|Any CPU.ActiveCfg = Debug|Any CPU
		{3700E9D0-8F8C-459E-8019-9D4E397CF437}.Debug|Any CPU.Build.0 = Debug|Any CPU
		{3700E9D0-8F8C-459E-8019-9D4E397CF437}.Release|Any CPU.ActiveCfg = Release|Any CPU
		{3700E9D0-8F8C-459E-8019-9D4E397CF437}.Release|Any CPU.Build.0 = Release|Any CPU
		{97C3CB29-800F-4734-A3D4-51DE6BFB9D61}.Debug|Any CPU.ActiveCfg = Debug|Any CPU
		{97C3CB29-800F-4734-A3D4-51DE6BFB9D61}.Debug|Any CPU.Build.0 = Debug|Any CPU
		{97C3CB29-800F-4734-A3D4-51DE6BFB9D61}.Release|Any CPU.ActiveCfg = Release|Any CPU
		{97C3CB29-800F-4734-A3D4-51DE6BFB9D61}.Release|Any CPU.Build.0 = Release|Any CPU
		{ED6A90E6-670B-4383-BF97-1BE18AB6F384}.Debug|Any CPU.ActiveCfg = Debug|Any CPU
		{ED6A90E6-670B-4383-BF97-1BE18AB6F384}.Debug|Any CPU.Build.0 = Debug|Any CPU
		{ED6A90E6-670B-4383-BF97-1BE18AB6F384}.Release|Any CPU.ActiveCfg = Release|Any CPU
		{ED6A90E6-670B-4383-BF97-1BE18AB6F384}.Release|Any CPU.Build.0 = Release|Any CPU
		{9F3C0611-3D4F-4F37-B350-42E508D0BCE7}.Debug|Any CPU.ActiveCfg = Debug|Any CPU
		{9F3C0611-3D4F-4F37-B350-42E508D0BCE7}.Debug|Any CPU.Build.0 = Debug|Any CPU
		{9F3C0611-3D4F-4F37-B350-42E508D0BCE7}.Release|Any CPU.ActiveCfg = Release|Any CPU
		{9F3C0611-3D4F-4F37-B350-42E508D0BCE7}.Release|Any CPU.Build.0 = Release|Any CPU
	EndGlobalSection
	GlobalSection(SolutionProperties) = preSolution
		HideSolutionNode = FALSE
	EndGlobalSection
	GlobalSection(ExtensibilityGlobals) = postSolution
		SolutionGuid = {B8791CF5-6C9D-4EEB-8E66-512FC6A1CB59}
	EndGlobalSection
EndGlobal
